
Microsoft Visual Studio Solution File, Format Version 12.00
# Visual Studio 2013
VisualStudioVersion = 12.0.31101.0
MinimumVisualStudioVersion = 10.0.40219.1
Project("{FAE04EC0-301F-11D3-BF4B-00C04F79EFBC}") = "Smartphone.Driver", "Smartphone.Driver\Smartphone.Driver.csproj", "{9B67652B-5487-442A-AD6E-6A855753DAA8}"
EndProject
Project("{FAE04EC0-301F-11D3-BF4B-00C04F79EFBC}") = "Smartphone.Driver.Droid", "Droid\Smartphone.Driver.Droid.csproj", "{EFBC5635-2093-475D-B203-08140BF682A9}"
EndProject
Project("{FAE04EC0-301F-11D3-BF4B-00C04F79EFBC}") = "Smartphone.Driver.UITests", "UITests\Smartphone.Driver.UITests.csproj", "{8473EACA-6614-4BE1-9A9C-F649BF1C3B4B}"
EndProject
Project("{FAE04EC0-301F-11D3-BF4B-00C04F79EFBC}") = "Smartphone.Driver.UnitTests", "Smartphone.Driver.UnitTests\Smartphone.Driver.UnitTests.csproj", "{EF73CFA6-E1D0-4074-87AF-98E1ABDFDC83}"
EndProject
Global
	GlobalSection(SolutionConfigurationPlatforms) = preSolution
		Debug|Any CPU = Debug|Any CPU
		Release|Any CPU = Release|Any CPU
	EndGlobalSection
	GlobalSection(ProjectConfigurationPlatforms) = postSolution
		{9B67652B-5487-442A-AD6E-6A855753DAA8}.Debug|Any CPU.ActiveCfg = Debug|Any CPU
		{9B67652B-5487-442A-AD6E-6A855753DAA8}.Debug|Any CPU.Build.0 = Debug|Any CPU
		{9B67652B-5487-442A-AD6E-6A855753DAA8}.Release|Any CPU.ActiveCfg = Release|Any CPU
		{9B67652B-5487-442A-AD6E-6A855753DAA8}.Release|Any CPU.Build.0 = Release|Any CPU
		{EFBC5635-2093-475D-B203-08140BF682A9}.Debug|Any CPU.ActiveCfg = Debug|Any CPU
		{EFBC5635-2093-475D-B203-08140BF682A9}.Debug|Any CPU.Build.0 = Debug|Any CPU
		{EFBC5635-2093-475D-B203-08140BF682A9}.Debug|Any CPU.Deploy.0 = Debug|Any CPU
		{EFBC5635-2093-475D-B203-08140BF682A9}.Release|Any CPU.ActiveCfg = Release|Any CPU
		{EFBC5635-2093-475D-B203-08140BF682A9}.Release|Any CPU.Build.0 = Release|Any CPU
		{EFBC5635-2093-475D-B203-08140BF682A9}.Release|Any CPU.Deploy.0 = Release|Any CPU
		{8473EACA-6614-4BE1-9A9C-F649BF1C3B4B}.Debug|Any CPU.ActiveCfg = Debug|Any CPU
		{8473EACA-6614-4BE1-9A9C-F649BF1C3B4B}.Debug|Any CPU.Build.0 = Debug|Any CPU
		{8473EACA-6614-4BE1-9A9C-F649BF1C3B4B}.Release|Any CPU.ActiveCfg = Release|Any CPU
		{8473EACA-6614-4BE1-9A9C-F649BF1C3B4B}.Release|Any CPU.Build.0 = Release|Any CPU
		{EF73CFA6-E1D0-4074-87AF-98E1ABDFDC83}.Debug|Any CPU.ActiveCfg = Debug|Any CPU
		{EF73CFA6-E1D0-4074-87AF-98E1ABDFDC83}.Debug|Any CPU.Build.0 = Debug|Any CPU
		{EF73CFA6-E1D0-4074-87AF-98E1ABDFDC83}.Release|Any CPU.ActiveCfg = Release|Any CPU
		{EF73CFA6-E1D0-4074-87AF-98E1ABDFDC83}.Release|Any CPU.Build.0 = Release|Any CPU
	EndGlobalSection
	GlobalSection(SolutionProperties) = preSolution
		HideSolutionNode = FALSE
	EndGlobalSection
	GlobalSection(MonoDevelopProperties) = preSolution
		Policies = $0
		$0.DotNetNamingPolicy = $1
		$1.DirectoryNamespaceAssociation = PrefixedFlat
		$1.ResourceNamePolicy = FileFormatDefault
	EndGlobalSection
EndGlobal
